// !$*UTF8*$!
{
	archiveVersion = 1;
	classes = {
	};
	objectVersion = 56;
	objects = {

/* Begin PBXBuildFile section */
		8320095B2ABA1119007B8DF8 /* UserViewModel.swift in Sources */ = {isa = PBXBuildFile; fileRef = 8320095A2ABA1119007B8DF8 /* UserViewModel.swift */; };
		835D69CA2AB3BDFB00694554 /* RMAApp.swift in Sources */ = {isa = PBXBuildFile; fileRef = 835D69C92AB3BDFB00694554 /* RMAApp.swift */; };
		835D69CC2AB3BDFB00694554 /* ContentView.swift in Sources */ = {isa = PBXBuildFile; fileRef = 835D69CB2AB3BDFB00694554 /* ContentView.swift */; };
		835D69CE2AB3BDFC00694554 /* Assets.xcassets in Resources */ = {isa = PBXBuildFile; fileRef = 835D69CD2AB3BDFC00694554 /* Assets.xcassets */; };
		835D69D12AB3BDFC00694554 /* Preview Assets.xcassets in Resources */ = {isa = PBXBuildFile; fileRef = 835D69D02AB3BDFC00694554 /* Preview Assets.xcassets */; };
		835DBAAA2AB745520084B998 /* Home.swift in Sources */ = {isa = PBXBuildFile; fileRef = 835DBAA92AB745520084B998 /* Home.swift */; };
		835DBAAD2AB79F5A0084B998 /* FirebaseAuth in Frameworks */ = {isa = PBXBuildFile; productRef = 835DBAAC2AB79F5A0084B998 /* FirebaseAuth */; };
		835DBAAF2AB79F5A0084B998 /* FirebaseFirestore in Frameworks */ = {isa = PBXBuildFile; productRef = 835DBAAE2AB79F5A0084B998 /* FirebaseFirestore */; };
		835DBAB12AB79FD90084B998 /* GoogleService-Info.plist in Resources */ = {isa = PBXBuildFile; fileRef = 835DBAB02AB79FD90084B998 /* GoogleService-Info.plist */; };
		83C803ED2AB8CF9D00F1CD75 /* Card.swift in Sources */ = {isa = PBXBuildFile; fileRef = 83C803EC2AB8CF9D00F1CD75 /* Card.swift */; };
		83C803EF2AB8D0B200F1CD75 /* DataManager.swift in Sources */ = {isa = PBXBuildFile; fileRef = 83C803EE2AB8D0B200F1CD75 /* DataManager.swift */; };
/* End PBXBuildFile section */

/* Begin PBXFileReference section */
		8320095A2ABA1119007B8DF8 /* UserViewModel.swift */ = {isa = PBXFileReference; lastKnownFileType = sourcecode.swift; path = UserViewModel.swift; sourceTree = "<group>"; };
		835D69C62AB3BDFB00694554 /* RMA.app */ = {isa = PBXFileReference; explicitFileType = wrapper.application; includeInIndex = 0; path = RMA.app; sourceTree = BUILT_PRODUCTS_DIR; };
		835D69C92AB3BDFB00694554 /* RMAApp.swift */ = {isa = PBXFileReference; lastKnownFileType = sourcecode.swift; path = RMAApp.swift; sourceTree = "<group>"; };
		835D69CB2AB3BDFB00694554 /* ContentView.swift */ = {isa = PBXFileReference; lastKnownFileType = sourcecode.swift; path = ContentView.swift; sourceTree = "<group>"; };
		835D69CD2AB3BDFC00694554 /* Assets.xcassets */ = {isa = PBXFileReference; lastKnownFileType = folder.assetcatalog; path = Assets.xcassets; sourceTree = "<group>"; };
		835D69D02AB3BDFC00694554 /* Preview Assets.xcassets */ = {isa = PBXFileReference; lastKnownFileType = folder.assetcatalog; path = "Preview Assets.xcassets"; sourceTree = "<group>"; };
		835DBAA92AB745520084B998 /* Home.swift */ = {isa = PBXFileReference; lastKnownFileType = sourcecode.swift; path = Home.swift; sourceTree = "<group>"; };
		835DBAB02AB79FD90084B998 /* GoogleService-Info.plist */ = {isa = PBXFileReference; fileEncoding = 4; lastKnownFileType = text.plist.xml; name = "GoogleService-Info.plist"; path = "../../../../Downloads/GoogleService-Info.plist"; sourceTree = "<group>"; };
		83C803EC2AB8CF9D00F1CD75 /* Card.swift */ = {isa = PBXFileReference; lastKnownFileType = sourcecode.swift; path = Card.swift; sourceTree = "<group>"; };
		83C803EE2AB8D0B200F1CD75 /* DataManager.swift */ = {isa = PBXFileReference; lastKnownFileType = sourcecode.swift; path = DataManager.swift; sourceTree = "<group>"; };
/* End PBXFileReference section */

/* Begin PBXFrameworksBuildPhase section */
		835D69C32AB3BDFB00694554 /* Frameworks */ = {
			isa = PBXFrameworksBuildPhase;
			buildActionMask = 2147483647;
			files = (
				835DBAAD2AB79F5A0084B998 /* FirebaseAuth in Frameworks */,
				835DBAAF2AB79F5A0084B998 /* FirebaseFirestore in Frameworks */,
			);
			runOnlyForDeploymentPostprocessing = 0;
		};
/* End PBXFrameworksBuildPhase section */

/* Begin PBXGroup section */
		835D69BD2AB3BDFB00694554 = {
			isa = PBXGroup;
			children = (
				835D69C82AB3BDFB00694554 /* RMA */,
				835D69C72AB3BDFB00694554 /* Products */,
			);
			sourceTree = "<group>";
		};
		835D69C72AB3BDFB00694554 /* Products */ = {
			isa = PBXGroup;
			children = (
				835D69C62AB3BDFB00694554 /* RMA.app */,
			);
			name = Products;
			sourceTree = "<group>";
		};
		835D69C82AB3BDFB00694554 /* RMA */ = {
			isa = PBXGroup;
			children = (
				835D69C92AB3BDFB00694554 /* RMAApp.swift */,
				835DBAA92AB745520084B998 /* Home.swift */,
				83C803EC2AB8CF9D00F1CD75 /* Card.swift */,
				83C803EE2AB8D0B200F1CD75 /* DataManager.swift */,
				835D69CB2AB3BDFB00694554 /* ContentView.swift */,
				8320095A2ABA1119007B8DF8 /* UserViewModel.swift */,
				835D69CD2AB3BDFC00694554 /* Assets.xcassets */,
				835DBAB02AB79FD90084B998 /* GoogleService-Info.plist */,
				835D69CF2AB3BDFC00694554 /* Preview Content */,
			);
			path = RMA;
			sourceTree = "<group>";
		};
		835D69CF2AB3BDFC00694554 /* Preview Content */ = {
			isa = PBXGroup;
			children = (
				835D69D02AB3BDFC00694554 /* Preview Assets.xcassets */,
			);
			path = "Preview Content";
			sourceTree = "<group>";
		};
/* End PBXGroup section */

/* Begin PBXNativeTarget section */
		835D69C52AB3BDFB00694554 /* RMA */ = {
			isa = PBXNativeTarget;
			buildConfigurationList = 835D69D42AB3BDFC00694554 /* Build configuration list for PBXNativeTarget "RMA" */;
			buildPhases = (
				835D69C22AB3BDFB00694554 /* Sources */,
				835D69C32AB3BDFB00694554 /* Frameworks */,
				835D69C42AB3BDFB00694554 /* Resources */,
			);
			buildRules = (
			);
			dependencies = (
			);
			name = RMA;
			packageProductDependencies = (
				835DBAAC2AB79F5A0084B998 /* FirebaseAuth */,
				835DBAAE2AB79F5A0084B998 /* FirebaseFirestore */,
			);
			productName = RMA;
			productReference = 835D69C62AB3BDFB00694554 /* RMA.app */;
			productType = "com.apple.product-type.application";
		};
/* End PBXNativeTarget section */

/* Begin PBXProject section */
		835D69BE2AB3BDFB00694554 /* Project object */ = {
			isa = PBXProject;
			attributes = {
				BuildIndependentTargetsInParallel = 1;
				LastSwiftUpdateCheck = 1430;
				LastUpgradeCheck = 1430;
				TargetAttributes = {
					835D69C52AB3BDFB00694554 = {
						CreatedOnToolsVersion = 14.3.1;
					};
				};
			};
			buildConfigurationList = 835D69C12AB3BDFB00694554 /* Build configuration list for PBXProject "RMA" */;
			compatibilityVersion = "Xcode 14.0";
			developmentRegion = en;
			hasScannedForEncodings = 0;
			knownRegions = (
				en,
				Base,
			);
			mainGroup = 835D69BD2AB3BDFB00694554;
			packageReferences = (
				835DBAAB2AB79F5A0084B998 /* XCRemoteSwiftPackageReference "firebase-ios-sdk" */,
			);
			productRefGroup = 835D69C72AB3BDFB00694554 /* Products */;
			projectDirPath = "";
			projectRoot = "";
			targets = (
				835D69C52AB3BDFB00694554 /* RMA */,
			);
		};
/* End PBXProject section */

/* Begin PBXResourcesBuildPhase section */
		835D69C42AB3BDFB00694554 /* Resources */ = {
			isa = PBXResourcesBuildPhase;
			buildActionMask = 2147483647;
			files = (
				835D69D12AB3BDFC00694554 /* Preview Assets.xcassets in Resources */,
				835D69CE2AB3BDFC00694554 /* Assets.xcassets in Resources */,
				835DBAB12AB79FD90084B998 /* GoogleService-Info.plist in Resources */,
			);
			runOnlyForDeploymentPostprocessing = 0;
		};
/* End PBXResourcesBuildPhase section */

/* Begin PBXSourcesBuildPhase section */
		835D69C22AB3BDFB00694554 /* Sources */ = {
			isa = PBXSourcesBuildPhase;
			buildActionMask = 2147483647;
			files = (
				835D69CC2AB3BDFB00694554 /* ContentView.swift in Sources */,
				8320095B2ABA1119007B8DF8 /* UserViewModel.swift in Sources */,
				83C803EF2AB8D0B200F1CD75 /* DataManager.swift in Sources */,
				835DBAAA2AB745520084B998 /* Home.swift in Sources */,
				835D69CA2AB3BDFB00694554 /* RMAApp.swift in Sources */,
				83C803ED2AB8CF9D00F1CD75 /* Card.swift in Sources */,
			);
			runOnlyForDeploymentPostprocessing = 0;
		};
/* End PBXSourcesBuildPhase section */

/* Begin XCBuildConfiguration section */
		835D69D22AB3BDFC00694554 /* Debug */ = {
			isa = XCBuildConfiguration;
			buildSettings = {
				ALWAYS_SEARCH_USER_PATHS = NO;
				CLANG_ANALYZER_NONNULL = YES;
				CLANG_ANALYZER_NUMBER_OBJECT_CONVERSION = YES_AGGRESSIVE;
				CLANG_CXX_LANGUAGE_STANDARD = "gnu++20";
				CLANG_ENABLE_MODULES = YES;
				CLANG_ENABLE_OBJC_ARC = YES;
				CLANG_ENABLE_OBJC_WEAK = YES;
				CLANG_WARN_BLOCK_CAPTURE_AUTORELEASING = YES;
				CLANG_WARN_BOOL_CONVERSION = YES;
				CLANG_WARN_COMMA = YES;
				CLANG_WARN_CONSTANT_CONVERSION = YES;
				CLANG_WARN_DEPRECATED_OBJC_IMPLEMENTATIONS = YES;
				CLANG_WARN_DIRECT_OBJC_ISA_USAGE = YES_ERROR;
				CLANG_WARN_DOCUMENTATION_COMMENTS = YES;
				CLANG_WARN_EMPTY_BODY = YES;
				CLANG_WARN_ENUM_CONVERSION = YES;
				CLANG_WARN_INFINITE_RECURSION = YES;
				CLANG_WARN_INT_CONVERSION = YES;
				CLANG_WARN_NON_LITERAL_NULL_CONVERSION = YES;
				CLANG_WARN_OBJC_IMPLICIT_RETAIN_SELF = YES;
				CLANG_WARN_OBJC_LITERAL_CONVERSION = YES;
				CLANG_WARN_OBJC_ROOT_CLASS = YES_ERROR;
				CLANG_WARN_QUOTED_INCLUDE_IN_FRAMEWORK_HEADER = YES;
				CLANG_WARN_RANGE_LOOP_ANALYSIS = YES;
				CLANG_WARN_STRICT_PROTOTYPES = YES;
				CLANG_WARN_SUSPICIOUS_MOVE = YES;
				CLANG_WARN_UNGUARDED_AVAILABILITY = YES_AGGRESSIVE;
				CLANG_WARN_UNREACHABLE_CODE = YES;
				CLANG_WARN__DUPLICATE_METHOD_MATCH = YES;
				COPY_PHASE_STRIP = NO;
				DEBUG_INFORMATION_FORMAT = dwarf;
				ENABLE_STRICT_OBJC_MSGSEND = YES;
				ENABLE_TESTABILITY = YES;
				GCC_C_LANGUAGE_STANDARD = gnu11;
				GCC_DYNAMIC_NO_PIC = NO;
				GCC_NO_COMMON_BLOCKS = YES;
				GCC_OPTIMIZATION_LEVEL = 0;
				GCC_PREPROCESSOR_DEFINITIONS = (
					"DEBUG=1",
					"$(inherited)",
				);
				GCC_WARN_64_TO_32_BIT_CONVERSION = YES;
				GCC_WARN_ABOUT_RETURN_TYPE = YES_ERROR;
				GCC_WARN_UNDECLARED_SELECTOR = YES;
				GCC_WARN_UNINITIALIZED_AUTOS = YES_AGGRESSIVE;
				GCC_WARN_UNUSED_FUNCTION = YES;
				GCC_WARN_UNUSED_VARIABLE = YES;
				IPHONEOS_DEPLOYMENT_TARGET = 16.4;
				MTL_ENABLE_DEBUG_INFO = INCLUDE_SOURCE;
				MTL_FAST_MATH = YES;
				ONLY_ACTIVE_ARCH = YES;
				SDKROOT = iphoneos;
				SWIFT_ACTIVE_COMPILATION_CONDITIONS = DEBUG;
				SWIFT_OPTIMIZATION_LEVEL = "-Onone";
			};
			name = Debug;
		};
		835D69D32AB3BDFC00694554 /* Release */ = {
			isa = XCBuildConfiguration;
			buildSettings = {
				ALWAYS_SEARCH_USER_PATHS = NO;
				CLANG_ANALYZER_NONNULL = YES;
				CLANG_ANALYZER_NUMBER_OBJECT_CONVERSION = YES_AGGRESSIVE;
				CLANG_CXX_LANGUAGE_STANDARD = "gnu++20";
				CLANG_ENABLE_MODULES = YES;
				CLANG_ENABLE_OBJC_ARC = YES;
				CLANG_ENABLE_OBJC_WEAK = YES;
				CLANG_WARN_BLOCK_CAPTURE_AUTORELEASING = YES;
				CLANG_WARN_BOOL_CONVERSION = YES;
				CLANG_WARN_COMMA = YES;
				CLANG_WARN_CONSTANT_CONVERSION = YES;
				CLANG_WARN_DEPRECATED_OBJC_IMPLEMENTATIONS = YES;
				CLANG_WARN_DIRECT_OBJC_ISA_USAGE = YES_ERROR;
				CLANG_WARN_DOCUMENTATION_COMMENTS = YES;
				CLANG_WARN_EMPTY_BODY = YES;
				CLANG_WARN_ENUM_CONVERSION = YES;
				CLANG_WARN_INFINITE_RECURSION = YES;
				CLANG_WARN_INT_CONVERSION = YES;
				CLANG_WARN_NON_LITERAL_NULL_CONVERSION = YES;
				CLANG_WARN_OBJC_IMPLICIT_RETAIN_SELF = YES;
				CLANG_WARN_OBJC_LITERAL_CONVERSION = YES;
				CLANG_WARN_OBJC_ROOT_CLASS = YES_ERROR;
				CLANG_WARN_QUOTED_INCLUDE_IN_FRAMEWORK_HEADER = YES;
				CLANG_WARN_RANGE_LOOP_ANALYSIS = YES;
				CLANG_WARN_STRICT_PROTOTYPES = YES;
				CLANG_WARN_SUSPICIOUS_MOVE = YES;
				CLANG_WARN_UNGUARDED_AVAILABILITY = YES_AGGRESSIVE;
				CLANG_WARN_UNREACHABLE_CODE = YES;
				CLANG_WARN__DUPLICATE_METHOD_MATCH = YES;
				COPY_PHASE_STRIP = NO;
				DEBUG_INFORMATION_FORMAT = "dwarf-with-dsym";
				ENABLE_NS_ASSERTIONS = NO;
				ENABLE_STRICT_OBJC_MSGSEND = YES;
				GCC_C_LANGUAGE_STANDARD = gnu11;
				GCC_NO_COMMON_BLOCKS = YES;
				GCC_WARN_64_TO_32_BIT_CONVERSION = YES;
				GCC_WARN_ABOUT_RETURN_TYPE = YES_ERROR;
				GCC_WARN_UNDECLARED_SELECTOR = YES;
				GCC_WARN_UNINITIALIZED_AUTOS = YES_AGGRESSIVE;
				GCC_WARN_UNUSED_FUNCTION = YES;
				GCC_WARN_UNUSED_VARIABLE = YES;
				IPHONEOS_DEPLOYMENT_TARGET = 16.4;
				MTL_ENABLE_DEBUG_INFO = NO;
				MTL_FAST_MATH = YES;
				SDKROOT = iphoneos;
				SWIFT_COMPILATION_MODE = wholemodule;
				SWIFT_OPTIMIZATION_LEVEL = "-O";
				VALIDATE_PRODUCT = YES;
			};
			name = Release;
		};
		835D69D52AB3BDFC00694554 /* Debug */ = {
			isa = XCBuildConfiguration;
			buildSettings = {
				ASSETCATALOG_COMPILER_APPICON_NAME = AppIcon;
				ASSETCATALOG_COMPILER_GLOBAL_ACCENT_COLOR_NAME = AccentColor;
				CODE_SIGN_STYLE = Automatic;
				CURRENT_PROJECT_VERSION = 1;
				DEVELOPMENT_ASSET_PATHS = "\"RMA/Preview Content\"";
				DEVELOPMENT_TEAM = 4PZ467HZ85;
				ENABLE_PREVIEWS = YES;
				GENERATE_INFOPLIST_FILE = YES;
				INFOPLIST_KEY_CFBundleDisplayName = cardX;
				INFOPLIST_KEY_LSApplicationCategoryType = "public.app-category.education";
				INFOPLIST_KEY_UIApplicationSceneManifest_Generation = YES;
				INFOPLIST_KEY_UIApplicationSupportsIndirectInputEvents = YES;
				INFOPLIST_KEY_UILaunchScreen_Generation = YES;
				INFOPLIST_KEY_UISupportedInterfaceOrientations_iPad = "UIInterfaceOrientationPortrait UIInterfaceOrientationPortraitUpsideDown UIInterfaceOrientationLandscapeLeft UIInterfaceOrientationLandscapeRight";
				INFOPLIST_KEY_UISupportedInterfaceOrientations_iPhone = "UIInterfaceOrientationPortrait UIInterfaceOrientationLandscapeLeft UIInterfaceOrientationLandscapeRight";
				IPHONEOS_DEPLOYMENT_TARGET = 16.0;
				LD_RUNPATH_SEARCH_PATHS = (
					"$(inherited)",
					"@executable_path/Frameworks",
				);
				MARKETING_VERSION = 1.0;
				PRODUCT_BUNDLE_IDENTIFIER = filipbaotic.RMA;
				PRODUCT_NAME = "$(TARGET_NAME)";
				SWIFT_EMIT_LOC_STRINGS = YES;
				SWIFT_VERSION = 5.0;
				TARGETED_DEVICE_FAMILY = "1,2";
			};
			name = Debug;
		};
		835D69D62AB3BDFC00694554 /* Release */ = {
			isa = XCBuildConfiguration;
			buildSettings = {
				ASSETCATALOG_COMPILER_APPICON_NAME = AppIcon;
				ASSETCATALOG_COMPILER_GLOBAL_ACCENT_COLOR_NAME = AccentColor;
				CODE_SIGN_STYLE = Automatic;
				CURRENT_PROJECT_VERSION = 1;
				DEVELOPMENT_ASSET_PATHS = "\"RMA/Preview Content\"";
				DEVELOPMENT_TEAM = 4PZ467HZ85;
				ENABLE_PREVIEWS = YES;
				GENERATE_INFOPLIST_FILE = YES;
				INFOPLIST_KEY_CFBundleDisplayName = cardX;
				INFOPLIST_KEY_LSApplicationCategoryType = "public.app-category.education";
				INFOPLIST_KEY_UIApplicationSceneManifest_Generation = YES;
				INFOPLIST_KEY_UIApplicationSupportsIndirectInputEvents = YES;
				INFOPLIST_KEY_UILaunchScreen_Generation = YES;
				INFOPLIST_KEY_UISupportedInterfaceOrientations_iPad = "UIInterfaceOrientationPortrait UIInterfaceOrientationPortraitUpsideDown UIInterfaceOrientationLandscapeLeft UIInterfaceOrientationLandscapeRight";
				INFOPLIST_KEY_UISupportedInterfaceOrientations_iPhone = "UIInterfaceOrientationPortrait UIInterfaceOrientationLandscapeLeft UIInterfaceOrientationLandscapeRight";
				IPHONEOS_DEPLOYMENT_TARGET = 16.0;
				LD_RUNPATH_SEARCH_PATHS = (
					"$(inherited)",
					"@executable_path/Frameworks",
				);
				MARKETING_VERSION = 1.0;
				PRODUCT_BUNDLE_IDENTIFIER = filipbaotic.RMA;
				PRODUCT_NAME = "$(TARGET_NAME)";
				SWIFT_EMIT_LOC_STRINGS = YES;
				SWIFT_VERSION = 5.0;
				TARGETED_DEVICE_FAMILY = "1,2";
			};
			name = Release;
		};
/* End XCBuildConfiguration section */

/* Begin XCConfigurationList section */
		835D69C12AB3BDFB00694554 /* Build configuration list for PBXProject "RMA" */ = {
			isa = XCConfigurationList;
			buildConfigurations = (
				835D69D22AB3BDFC00694554 /* Debug */,
				835D69D32AB3BDFC00694554 /* Release */,
			);
			defaultConfigurationIsVisible = 0;
			defaultConfigurationName = Release;
		};
		835D69D42AB3BDFC00694554 /* Build configuration list for PBXNativeTarget "RMA" */ = {
			isa = XCConfigurationList;
			buildConfigurations = (
				835D69D52AB3BDFC00694554 /* Debug */,
				835D69D62AB3BDFC00694554 /* Release */,
			);
			defaultConfigurationIsVisible = 0;
			defaultConfigurationName = Release;
		};
/* End XCConfigurationList section */

/* Begin XCRemoteSwiftPackageReference section */
		835DBAAB2AB79F5A0084B998 /* XCRemoteSwiftPackageReference "firebase-ios-sdk" */ = {
			isa = XCRemoteSwiftPackageReference;
			repositoryURL = "https://github.com/firebase/firebase-ios-sdk.git";
			requirement = {
				kind = upToNextMajorVersion;
				minimumVersion = 10.0.0;
			};
		};
/* End XCRemoteSwiftPackageReference section */

/* Begin XCSwiftPackageProductDependency section */
		835DBAAC2AB79F5A0084B998 /* FirebaseAuth */ = {
			isa = XCSwiftPackageProductDependency;
			package = 835DBAAB2AB79F5A0084B998 /* XCRemoteSwiftPackageReference "firebase-ios-sdk" */;
			productName = FirebaseAuth;
		};
		835DBAAE2AB79F5A0084B998 /* FirebaseFirestore */ = {
			isa = XCSwiftPackageProductDependency;
			package = 835DBAAB2AB79F5A0084B998 /* XCRemoteSwiftPackageReference "firebase-ios-sdk" */;
			productName = FirebaseFirestore;
		};
/* End XCSwiftPackageProductDependency section */
	};
	rootObject = 835D69BE2AB3BDFB00694554 /* Project object */;
}
